{
  "name": "shnappy-model",
  "version": "0.0.7",
  "dependencies": {
    "mongoose": {
      "version": "4.0.1",
      "from": "mongoose@4.0.1",
      "resolved": "https://registry.npmjs.org/mongoose/-/mongoose-4.0.1.tgz",
      "dependencies": {
        "hooks-fixed": {
          "version": "1.0.1",
          "from": "hooks-fixed@1.0.1",
          "resolved": "https://registry.npmjs.org/hooks-fixed/-/hooks-fixed-1.0.1.tgz"
        },
        "mongodb": {
          "version": "2.0.24",
          "from": "mongodb@2.0.24",
          "resolved": "https://registry.npmjs.org/mongodb/-/mongodb-2.0.24.tgz",
          "dependencies": {
            "mongodb-core": {
              "version": "1.1.20",
              "from": "mongodb-core@1.1.20",
              "resolved": "https://registry.npmjs.org/mongodb-core/-/mongodb-core-1.1.20.tgz",
              "dependencies": {
                "bson": {
                  "version": "0.2.21",
                  "from": "bson@>=0.2.0 <0.3.0",
                  "resolved": "https://registry.npmjs.org/bson/-/bson-0.2.21.tgz",
                  "dependencies": {
                    "nan": {
                      "version": "1.7.0",
                      "from": "nan@1.7.0",
                      "resolved": "https://registry.npmjs.org/nan/-/nan-1.7.0.tgz"
                    }
                  }
                },
                "mkdirp": {
                  "version": "0.5.0",
                  "from": "mkdirp@0.5.0",
                  "resolved": "https://registry.npmjs.org/mkdirp/-/mkdirp-0.5.0.tgz",
                  "dependencies": {
                    "minimist": {
                      "version": "0.0.8",
                      "from": "minimist@0.0.8",
                      "resolved": "https://registry.npmjs.org/minimist/-/minimist-0.0.8.tgz"
                    }
                  }
                },
                "rimraf": {
                  "version": "2.2.6",
                  "from": "rimraf@2.2.6",
                  "resolved": "https://registry.npmjs.org/rimraf/-/rimraf-2.2.6.tgz"
                },
                "kerberos": {
                  "version": "0.0.10",
                  "from": "kerberos@>=0.0.0 <0.1.0",
                  "resolved": "https://registry.npmjs.org/kerberos/-/kerberos-0.0.10.tgz",
                  "dependencies": {
                    "nan": {
                      "version": "1.7.0",
                      "from": "nan@1.7.0",
                      "resolved": "https://registry.npmjs.org/nan/-/nan-1.7.0.tgz"
                    }
                  }
                }
              }
            },
            "readable-stream": {
              "version": "1.0.31",
              "from": "readable-stream@1.0.31",
              "resolved": "https://registry.npmjs.org/readable-stream/-/readable-stream-1.0.31.tgz",
              "dependencies": {
                "core-util-is": {
                  "version": "1.0.1",
                  "from": "core-util-is@>=1.0.0 <1.1.0",
                  "resolved": "https://registry.npmjs.org/core-util-is/-/core-util-is-1.0.1.tgz"
                },
                "isarray": {
                  "version": "0.0.1",
                  "from": "isarray@0.0.1",
                  "resolved": "https://registry.npmjs.org/isarray/-/isarray-0.0.1.tgz"
                },
                "string_decoder": {
                  "version": "0.10.31",
                  "from": "string_decoder@>=0.10.0 <0.11.0",
                  "resolved": "https://registry.npmjs.org/string_decoder/-/string_decoder-0.10.31.tgz"
                },
                "inherits": {
                  "version": "2.0.1",
                  "from": "inherits@>=2.0.1 <2.1.0",
                  "resolved": "https://registry.npmjs.org/inherits/-/inherits-2.0.1.tgz"
                }
              }
            }
          }
        },
        "ms": {
          "version": "0.1.0",
          "from": "ms@0.1.0",
          "resolved": "https://registry.npmjs.org/ms/-/ms-0.1.0.tgz"
        },
        "sliced": {
          "version": "0.0.5",
          "from": "sliced@0.0.5",
          "resolved": "https://registry.npmjs.org/sliced/-/sliced-0.0.5.tgz"
        },
        "muri": {
          "version": "1.0.0",
          "from": "muri@1.0.0",
          "resolved": "https://registry.npmjs.org/muri/-/muri-1.0.0.tgz"
        },
        "mpromise": {
          "version": "0.5.4",
          "from": "mpromise@0.5.4",
          "resolved": "https://registry.npmjs.org/mpromise/-/mpromise-0.5.4.tgz"
        },
        "mpath": {
          "version": "0.1.1",
          "from": "mpath@0.1.1",
          "resolved": "https://registry.npmjs.org/mpath/-/mpath-0.1.1.tgz"
        },
        "kareem": {
          "version": "1.0.0",
          "from": "kareem@1.0.0",
          "resolved": "https://registry.npmjs.org/kareem/-/kareem-1.0.0.tgz"
        },
        "regexp-clone": {
          "version": "0.0.1",
          "from": "regexp-clone@0.0.1",
          "resolved": "https://registry.npmjs.org/regexp-clone/-/regexp-clone-0.0.1.tgz"
        },
        "mquery": {
          "version": "1.4.0",
          "from": "mquery@1.4.0",
          "resolved": "https://registry.npmjs.org/mquery/-/mquery-1.4.0.tgz",
          "dependencies": {
            "bluebird": {
              "version": "2.3.2",
              "from": "bluebird@2.3.2",
              "resolved": "https://registry.npmjs.org/bluebird/-/bluebird-2.3.2.tgz"
            },
            "debug": {
              "version": "0.7.4",
              "from": "debug@0.7.4",
              "resolved": "https://registry.npmjs.org/debug/-/debug-0.7.4.tgz"
            }
          }
        },
        "async": {
          "version": "0.9.0",
          "from": "async@0.9.0",
          "resolved": "https://registry.npmjs.org/async/-/async-0.9.0.tgz"
        }
      }
    },
    "node-uuid": {
      "version": "1.4.3",
      "from": "node-uuid@>=1.4.2 <2.0.0",
      "resolved": "https://registry.npmjs.org/node-uuid/-/node-uuid-1.4.3.tgz"
    }
  }
}
